// !$*UTF8*$!
{
	archiveVersion = 1;
	classes = {
	};
	objectVersion = 46;
	objects = {

/* Begin PBXBuildFile section */
		50B568EF19E490590050C8EC /* NotifViewController.m in Sources */ = {isa = PBXBuildFile; fileRef = 50B568EE19E490590050C8EC /* NotifViewController.m */; };
		50B5690119E497020050C8EC /* notif-selected@2x.png in Resources */ = {isa = PBXBuildFile; fileRef = 50B568F919E497020050C8EC /* notif-selected@2x.png */; };
		50B5690219E497020050C8EC /* notif-unselected@2x.png in Resources */ = {isa = PBXBuildFile; fileRef = 50B568FA19E497020050C8EC /* notif-unselected@2x.png */; };
		50B5690319E497020050C8EC /* user-selected@2x.png in Resources */ = {isa = PBXBuildFile; fileRef = 50B568FB19E497020050C8EC /* user-selected@2x.png */; };
		50B5690419E497020050C8EC /* user-unselected@2x.png in Resources */ = {isa = PBXBuildFile; fileRef = 50B568FC19E497020050C8EC /* user-unselected@2x.png */; };
		50B5690519E497020050C8EC /* home-selected@2x.png in Resources */ = {isa = PBXBuildFile; fileRef = 50B568FD19E497020050C8EC /* home-selected@2x.png */; };
		50B5690619E497020050C8EC /* home-unselected@2x.png in Resources */ = {isa = PBXBuildFile; fileRef = 50B568FE19E497020050C8EC /* home-unselected@2x.png */; };
		50B5690719E497020050C8EC /* explore-unselected@2x.png in Resources */ = {isa = PBXBuildFile; fileRef = 50B568FF19E497020050C8EC /* explore-unselected@2x.png */; };
		50B5690819E497020050C8EC /* explore-selected@2x.png in Resources */ = {isa = PBXBuildFile; fileRef = 50B5690019E497020050C8EC /* explore-selected@2x.png */; };
		50B5690C19E4AA260050C8EC /* login.png in Resources */ = {isa = PBXBuildFile; fileRef = 50B5690B19E4AA260050C8EC /* login.png */; };
		5118902119F09A2B00E62CD4 /* CommentNotification.m in Sources */ = {isa = PBXBuildFile; fileRef = 5118902019F09A2B00E62CD4 /* CommentNotification.m */; };
		5152F8DF19DCAD86008E99DB /* Model.xcdatamodeld in Sources */ = {isa = PBXBuildFile; fileRef = 5152F8DD19DCAD86008E99DB /* Model.xcdatamodeld */; };
		516937A219ECCD5600EE0C0D /* Post.m in Sources */ = {isa = PBXBuildFile; fileRef = 516937A119ECCD5600EE0C0D /* Post.m */; };
		516937A519ECD35D00EE0C0D /* KeywordUpdate+MBKeywordUpdate.m in Sources */ = {isa = PBXBuildFile; fileRef = 516937A419ECD35D00EE0C0D /* KeywordUpdate+MBKeywordUpdate.m */; };
		516937A819ECD38300EE0C0D /* StatusUpdate+MBStatusUpdate.m in Sources */ = {isa = PBXBuildFile; fileRef = 516937A719ECD38300EE0C0D /* StatusUpdate+MBStatusUpdate.m */; };
		516937AB19ECD56500EE0C0D /* Post+MBPost.m in Sources */ = {isa = PBXBuildFile; fileRef = 516937AA19ECD56500EE0C0D /* Post+MBPost.m */; };
		516937AE19EF07BF00EE0C0D /* User.h in Sources */ = {isa = PBXBuildFile; fileRef = 516937AC19EF070D00EE0C0D /* User.h */; };
		516937AF19EF07BF00EE0C0D /* User.m in Sources */ = {isa = PBXBuildFile; fileRef = 516937AD19EF070D00EE0C0D /* User.m */; };
		51706D3419E88F0B005010E6 /* StatusUpdate.h in Sources */ = {isa = PBXBuildFile; fileRef = 51706D2A19E88E42005010E6 /* StatusUpdate.h */; };
		51706D3519E88F0B005010E6 /* StatusUpdate.m in Sources */ = {isa = PBXBuildFile; fileRef = 51706D2B19E88E42005010E6 /* StatusUpdate.m */; };
		51706D3919E9E50D005010E6 /* KeywordUpdate.m in Sources */ = {isa = PBXBuildFile; fileRef = 51706D3819E9E50D005010E6 /* KeywordUpdate.m */; };
		517C894619DB67B0005A8407 /* FacebookSDK.framework in Frameworks */ = {isa = PBXBuildFile; fileRef = 517C894519DB67B0005A8407 /* FacebookSDK.framework */; };
		517C894A19DB706C005A8407 /* ClientManager.m in Sources */ = {isa = PBXBuildFile; fileRef = 517C894919DB706C005A8407 /* ClientManager.m */; };
		517C894D19DB7129005A8407 /* KeyChainWrapper.m in Sources */ = {isa = PBXBuildFile; fileRef = 517C894C19DB7129005A8407 /* KeyChainWrapper.m */; };
		517C895019DB7DB4005A8407 /* RestKitInitializer.m in Sources */ = {isa = PBXBuildFile; fileRef = 517C894F19DB7DB4005A8407 /* RestKitInitializer.m */; };
		519CB25C19F59688001E1C1A /* NSMutableArray+Shuffling.m in Sources */ = {isa = PBXBuildFile; fileRef = 519CB25B19F59688001E1C1A /* NSMutableArray+Shuffling.m */; };
		51BB7CB419EF221A00D10F0D /* Quiz.h in Sources */ = {isa = PBXBuildFile; fileRef = 51BB7CB219EF21FB00D10F0D /* Quiz.h */; };
		51BB7CB519EF221A00D10F0D /* Quiz.m in Sources */ = {isa = PBXBuildFile; fileRef = 51BB7CB319EF21FB00D10F0D /* Quiz.m */; };
		51BB7CBF19F0617300D10F0D /* NotificationTableViewCell.m in Sources */ = {isa = PBXBuildFile; fileRef = 51BB7CBE19F0617300D10F0D /* NotificationTableViewCell.m */; };
		51DF106E19E460E00021C3F9 /* ArrayToDataTransformer.m in Sources */ = {isa = PBXBuildFile; fileRef = 51DF106D19E460E00021C3F9 /* ArrayToDataTransformer.m */; };
		51F5A74B19E60827006097EF /* Quiz+MBQuiz.m in Sources */ = {isa = PBXBuildFile; fileRef = 51F5A74A19E60827006097EF /* Quiz+MBQuiz.m */; };
		51F5A75119E6089D006097EF /* NSNumber+MBNumber.m in Sources */ = {isa = PBXBuildFile; fileRef = 51F5A75019E6089D006097EF /* NSNumber+MBNumber.m */; };
		7A0E976919DCB194003A9359 /* ProfileViewController.m in Sources */ = {isa = PBXBuildFile; fileRef = 7A0E976819DCB194003A9359 /* ProfileViewController.m */; };
		7A0E976C19DCB389003A9359 /* MarbleTabBarController.m in Sources */ = {isa = PBXBuildFile; fileRef = 7A0E976B19DCB389003A9359 /* MarbleTabBarController.m */; };
		7A0E976F19DCBCBF003A9359 /* QuizTableViewCell.m in Sources */ = {isa = PBXBuildFile; fileRef = 7A0E976E19DCBCBF003A9359 /* QuizTableViewCell.m */; };
		7A0E977219DCD8BB003A9359 /* ProfileNavigationController.m in Sources */ = {isa = PBXBuildFile; fileRef = 7A0E977119DCD8BB003A9359 /* ProfileNavigationController.m */; };
		7A0E977519DCDFBC003A9359 /* HomeNavigationController.m in Sources */ = {isa = PBXBuildFile; fileRef = 7A0E977419DCDFBC003A9359 /* HomeNavigationController.m */; };
		7A10A56A19EF23BB006A2CED /* CommentsTableViewController.m in Sources */ = {isa = PBXBuildFile; fileRef = 7A10A56919EF23BB006A2CED /* CommentsTableViewController.m */; };
		7A10A56D19EF241C006A2CED /* CommentsTableViewCell.m in Sources */ = {isa = PBXBuildFile; fileRef = 7A10A56C19EF241C006A2CED /* CommentsTableViewCell.m */; };
		7A261F3019F0AB4B00D1E91D /* ExploreCollectionViewController.m in Sources */ = {isa = PBXBuildFile; fileRef = 7A261F2F19F0AB4B00D1E91D /* ExploreCollectionViewController.m */; };
		7A261F3419F0AC0200D1E91D /* ExploreCollectionViewCell.m in Sources */ = {isa = PBXBuildFile; fileRef = 7A261F3319F0AC0200D1E91D /* ExploreCollectionViewCell.m */; };
		7A261F3719F1A8FB00D1E91D /* ExploreNavigationController.m in Sources */ = {isa = PBXBuildFile; fileRef = 7A261F3619F1A8FB00D1E91D /* ExploreNavigationController.m */; };
		7A48343A19EC56E80029D092 /* OpenSans-Regular.ttf in Resources */ = {isa = PBXBuildFile; fileRef = 7A48343819EC56E80029D092 /* OpenSans-Regular.ttf */; };
		7A48343B19EC56E80029D092 /* OpenSans-Semibold.ttf in Resources */ = {isa = PBXBuildFile; fileRef = 7A48343919EC56E80029D092 /* OpenSans-Semibold.ttf */; };
		7A48344019EC9B940029D092 /* PostsTableViewSuperCell.m in Sources */ = {isa = PBXBuildFile; fileRef = 7A48343F19EC9B940029D092 /* PostsTableViewSuperCell.m */; };
		7A48344319EDEFB50029D092 /* SelectKeywordViewCell.m in Sources */ = {isa = PBXBuildFile; fileRef = 7A48344219EDEFB50029D092 /* SelectKeywordViewCell.m */; };
		7AB925B019E3730C00F8229F /* UIColor+MBColor.m in Sources */ = {isa = PBXBuildFile; fileRef = 7AB925AF19E3730C00F8229F /* UIColor+MBColor.m */; };
		7AB925B319E374E500F8229F /* ExploreViewController.m in Sources */ = {isa = PBXBuildFile; fileRef = 7AB925B219E374E500F8229F /* ExploreViewController.m */; };
		7AD2A32E19DE1F9800B200E9 /* User+MBUser.m in Sources */ = {isa = PBXBuildFile; fileRef = 7AD2A32D19DE1F9800B200E9 /* User+MBUser.m */; };
		7AD9AF4119F6EB7200A83B59 /* UIView+MBView.m in Sources */ = {isa = PBXBuildFile; fileRef = 7AD9AF4019F6EB7200A83B59 /* UIView+MBView.m */; };
		7AEB9CF619E8572200409276 /* KeywordUpdateTableViewCell.m in Sources */ = {isa = PBXBuildFile; fileRef = 7AEB9CF519E8572200409276 /* KeywordUpdateTableViewCell.m */; };
		7AEB9CF919E9B37100409276 /* KeywordListViewController.m in Sources */ = {isa = PBXBuildFile; fileRef = 7AEB9CF819E9B37100409276 /* KeywordListViewController.m */; };
		7AEB9CFC19E9B3B500409276 /* KeywordProfileViewController.m in Sources */ = {isa = PBXBuildFile; fileRef = 7AEB9CFB19E9B3B500409276 /* KeywordProfileViewController.m */; };
		7AEB9CFF19E9B80E00409276 /* KeywordListTableViewCell.m in Sources */ = {isa = PBXBuildFile; fileRef = 7AEB9CFE19E9B80E00409276 /* KeywordListTableViewCell.m */; };
		7AF4123319D9FB6C00A470E1 /* main.m in Sources */ = {isa = PBXBuildFile; fileRef = 7AF4123219D9FB6C00A470E1 /* main.m */; };
		7AF4123619D9FB6C00A470E1 /* AppDelegate.m in Sources */ = {isa = PBXBuildFile; fileRef = 7AF4123519D9FB6C00A470E1 /* AppDelegate.m */; };
		7AF4123C19D9FB6C00A470E1 /* Main.storyboard in Resources */ = {isa = PBXBuildFile; fileRef = 7AF4123A19D9FB6C00A470E1 /* Main.storyboard */; };
		7AF4123E19D9FB6C00A470E1 /* Images.xcassets in Resources */ = {isa = PBXBuildFile; fileRef = 7AF4123D19D9FB6C00A470E1 /* Images.xcassets */; };
		7AF4124119D9FB6C00A470E1 /* LaunchScreen.xib in Resources */ = {isa = PBXBuildFile; fileRef = 7AF4123F19D9FB6C00A470E1 /* LaunchScreen.xib */; };
		7AF4124D19D9FB6C00A470E1 /* MarbleTests.m in Sources */ = {isa = PBXBuildFile; fileRef = 7AF4124C19D9FB6C00A470E1 /* MarbleTests.m */; };
		7AF4125819D9FFB800A470E1 /* HomeViewController.m in Sources */ = {isa = PBXBuildFile; fileRef = 7AF4125719D9FFB800A470E1 /* HomeViewController.m */; };
		7AF4126119DA035400A470E1 /* CreateQuizViewController.m in Sources */ = {isa = PBXBuildFile; fileRef = 7AF4126019DA035400A470E1 /* CreateQuizViewController.m */; };
		7AF4126B19DA2EC200A470E1 /* PostsViewController.m in Sources */ = {isa = PBXBuildFile; fileRef = 7AF4126A19DA2EC200A470E1 /* PostsViewController.m */; };
		7AF4126E19DA672500A470E1 /* SelectPeopleViewController.m in Sources */ = {isa = PBXBuildFile; fileRef = 7AF4126D19DA672500A470E1 /* SelectPeopleViewController.m */; };
		7AF4127119DA6A8300A470E1 /* SelectPeopleViewCell.m in Sources */ = {isa = PBXBuildFile; fileRef = 7AF4127019DA6A8300A470E1 /* SelectPeopleViewCell.m */; };
		7AF4127519DB392200A470E1 /* LoginViewController.m in Sources */ = {isa = PBXBuildFile; fileRef = 7AF4127419DB392200A470E1 /* LoginViewController.m */; };
		7AF4127F19DB62C600A470E1 /* Utility.m in Sources */ = {isa = PBXBuildFile; fileRef = 7AF4127E19DB62C600A470E1 /* Utility.m */; };
		7AFF5BBE19E59AEA00CFD35D /* SelectKeywordViewController.m in Sources */ = {isa = PBXBuildFile; fileRef = 7AFF5BBD19E59AEA00CFD35D /* SelectKeywordViewController.m */; };
		7AFF5BC119E7631F00CFD35D /* StatusUpdateTableViewCell.m in Sources */ = {isa = PBXBuildFile; fileRef = 7AFF5BC019E7631F00CFD35D /* StatusUpdateTableViewCell.m */; };
		A37F7B3E875019E0B141F1BD /* libPods.a in Frameworks */ = {isa = PBXBuildFile; fileRef = 3634F2606FB7FDA06677D4FC /* libPods.a */; };
/* End PBXBuildFile section */

/* Begin PBXContainerItemProxy section */
		7AF4124719D9FB6C00A470E1 /* PBXContainerItemProxy */ = {
			isa = PBXContainerItemProxy;
			containerPortal = 7AF4122519D9FB6C00A470E1 /* Project object */;
			proxyType = 1;
			remoteGlobalIDString = 7AF4122C19D9FB6C00A470E1;
			remoteInfo = Marble;
		};
/* End PBXContainerItemProxy section */

/* Begin PBXFileReference section */
		3634F2606FB7FDA06677D4FC /* libPods.a */ = {isa = PBXFileReference; explicitFileType = archive.ar; includeInIndex = 0; path = libPods.a; sourceTree = BUILT_PRODUCTS_DIR; };
		50B568ED19E490590050C8EC /* NotifViewController.h */ = {isa = PBXFileReference; fileEncoding = 4; lastKnownFileType = sourcecode.c.h; path = NotifViewController.h; sourceTree = "<group>"; };
		50B568EE19E490590050C8EC /* NotifViewController.m */ = {isa = PBXFileReference; fileEncoding = 4; lastKnownFileType = sourcecode.c.objc; path = NotifViewController.m; sourceTree = "<group>"; };
		50B568F919E497020050C8EC /* notif-selected@2x.png */ = {isa = PBXFileReference; lastKnownFileType = image.png; name = "notif-selected@2x.png"; path = "Icons/notif-selected@2x.png"; sourceTree = "<group>"; };
		50B568FA19E497020050C8EC /* notif-unselected@2x.png */ = {isa = PBXFileReference; lastKnownFileType = image.png; name = "notif-unselected@2x.png"; path = "Icons/notif-unselected@2x.png"; sourceTree = "<group>"; };
		50B568FB19E497020050C8EC /* user-selected@2x.png */ = {isa = PBXFileReference; lastKnownFileType = image.png; name = "user-selected@2x.png"; path = "Icons/user-selected@2x.png"; sourceTree = "<group>"; };
		50B568FC19E497020050C8EC /* user-unselected@2x.png */ = {isa = PBXFileReference; lastKnownFileType = image.png; name = "user-unselected@2x.png"; path = "Icons/user-unselected@2x.png"; sourceTree = "<group>"; };
		50B568FD19E497020050C8EC /* home-selected@2x.png */ = {isa = PBXFileReference; lastKnownFileType = image.png; name = "home-selected@2x.png"; path = "Icons/home-selected@2x.png"; sourceTree = "<group>"; };
		50B568FE19E497020050C8EC /* home-unselected@2x.png */ = {isa = PBXFileReference; lastKnownFileType = image.png; name = "home-unselected@2x.png"; path = "Icons/home-unselected@2x.png"; sourceTree = "<group>"; };
		50B568FF19E497020050C8EC /* explore-unselected@2x.png */ = {isa = PBXFileReference; lastKnownFileType = image.png; name = "explore-unselected@2x.png"; path = "Icons/explore-unselected@2x.png"; sourceTree = "<group>"; };
		50B5690019E497020050C8EC /* explore-selected@2x.png */ = {isa = PBXFileReference; lastKnownFileType = image.png; name = "explore-selected@2x.png"; path = "Icons/explore-selected@2x.png"; sourceTree = "<group>"; };
		50B5690B19E4AA260050C8EC /* login.png */ = {isa = PBXFileReference; lastKnownFileType = image.png; name = login.png; path = Icons/login.png; sourceTree = "<group>"; };
		51036C1219E72E0700335973 /* Model 7.xcdatamodel */ = {isa = PBXFileReference; lastKnownFileType = wrapper.xcdatamodel; path = "Model 7.xcdatamodel"; sourceTree = "<group>"; };
		5118901F19F09A2B00E62CD4 /* CommentNotification.h */ = {isa = PBXFileReference; fileEncoding = 4; lastKnownFileType = sourcecode.c.h; path = CommentNotification.h; sourceTree = "<group>"; };
		5118902019F09A2B00E62CD4 /* CommentNotification.m */ = {isa = PBXFileReference; fileEncoding = 4; lastKnownFileType = sourcecode.c.objc; path = CommentNotification.m; sourceTree = "<group>"; };
		511D9F1419DCDDC300FCCFB2 /* Model 3.xcdatamodel */ = {isa = PBXFileReference; lastKnownFileType = wrapper.xcdatamodel; path = "Model 3.xcdatamodel"; sourceTree = "<group>"; };
		511E8C4319EF16260061E780 /* Model 11.xcdatamodel */ = {isa = PBXFileReference; lastKnownFileType = wrapper.xcdatamodel; path = "Model 11.xcdatamodel"; sourceTree = "<group>"; };
		5137168D19DCBF7B00571C9A /* Model 2.xcdatamodel */ = {isa = PBXFileReference; lastKnownFileType = wrapper.xcdatamodel; path = "Model 2.xcdatamodel"; sourceTree = "<group>"; };
		5152F8DE19DCAD86008E99DB /* Model.xcdatamodel */ = {isa = PBXFileReference; lastKnownFileType = wrapper.xcdatamodel; path = Model.xcdatamodel; sourceTree = "<group>"; };
		516937A019ECCD5600EE0C0D /* Post.h */ = {isa = PBXFileReference; fileEncoding = 4; lastKnownFileType = sourcecode.c.h; path = Post.h; sourceTree = "<group>"; };
		516937A119ECCD5600EE0C0D /* Post.m */ = {isa = PBXFileReference; fileEncoding = 4; lastKnownFileType = sourcecode.c.objc; path = Post.m; sourceTree = "<group>"; };
		516937A319ECD35D00EE0C0D /* KeywordUpdate+MBKeywordUpdate.h */ = {isa = PBXFileReference; fileEncoding = 4; lastKnownFileType = sourcecode.c.h; path = "KeywordUpdate+MBKeywordUpdate.h"; sourceTree = "<group>"; };
		516937A419ECD35D00EE0C0D /* KeywordUpdate+MBKeywordUpdate.m */ = {isa = PBXFileReference; fileEncoding = 4; lastKnownFileType = sourcecode.c.objc; path = "KeywordUpdate+MBKeywordUpdate.m"; sourceTree = "<group>"; };
		516937A619ECD38300EE0C0D /* StatusUpdate+MBStatusUpdate.h */ = {isa = PBXFileReference; fileEncoding = 4; lastKnownFileType = sourcecode.c.h; path = "StatusUpdate+MBStatusUpdate.h"; sourceTree = "<group>"; };
		516937A719ECD38300EE0C0D /* StatusUpdate+MBStatusUpdate.m */ = {isa = PBXFileReference; fileEncoding = 4; lastKnownFileType = sourcecode.c.objc; path = "StatusUpdate+MBStatusUpdate.m"; sourceTree = "<group>"; };
		516937A919ECD56500EE0C0D /* Post+MBPost.h */ = {isa = PBXFileReference; fileEncoding = 4; lastKnownFileType = sourcecode.c.h; path = "Post+MBPost.h"; sourceTree = "<group>"; };
		516937AA19ECD56500EE0C0D /* Post+MBPost.m */ = {isa = PBXFileReference; fileEncoding = 4; lastKnownFileType = sourcecode.c.objc; path = "Post+MBPost.m"; sourceTree = "<group>"; };
		516937AC19EF070D00EE0C0D /* User.h */ = {isa = PBXFileReference; lastKnownFileType = sourcecode.c.h; path = User.h; sourceTree = "<group>"; };
		516937AD19EF070D00EE0C0D /* User.m */ = {isa = PBXFileReference; lastKnownFileType = sourcecode.c.objc; path = User.m; sourceTree = "<group>"; };
		51706D1F19E73AC0005010E6 /* Model 8.xcdatamodel */ = {isa = PBXFileReference; lastKnownFileType = wrapper.xcdatamodel; path = "Model 8.xcdatamodel"; sourceTree = "<group>"; };
		51706D2919E88DBA005010E6 /* Model 9.xcdatamodel */ = {isa = PBXFileReference; lastKnownFileType = wrapper.xcdatamodel; path = "Model 9.xcdatamodel"; sourceTree = "<group>"; };
		51706D2A19E88E42005010E6 /* StatusUpdate.h */ = {isa = PBXFileReference; lastKnownFileType = sourcecode.c.h; path = StatusUpdate.h; sourceTree = "<group>"; };
		51706D2B19E88E42005010E6 /* StatusUpdate.m */ = {isa = PBXFileReference; lastKnownFileType = sourcecode.c.objc; path = StatusUpdate.m; sourceTree = "<group>"; };
		51706D3619E9E478005010E6 /* Model 10.xcdatamodel */ = {isa = PBXFileReference; lastKnownFileType = wrapper.xcdatamodel; path = "Model 10.xcdatamodel"; sourceTree = "<group>"; };
		51706D3719E9E50D005010E6 /* KeywordUpdate.h */ = {isa = PBXFileReference; fileEncoding = 4; lastKnownFileType = sourcecode.c.h; path = KeywordUpdate.h; sourceTree = "<group>"; };
		51706D3819E9E50D005010E6 /* KeywordUpdate.m */ = {isa = PBXFileReference; fileEncoding = 4; lastKnownFileType = sourcecode.c.objc; path = KeywordUpdate.m; sourceTree = "<group>"; };
		517C894519DB67B0005A8407 /* FacebookSDK.framework */ = {isa = PBXFileReference; lastKnownFileType = wrapper.framework; name = FacebookSDK.framework; path = Libraries/FacebookSDK/FacebookSDK.framework; sourceTree = "<group>"; };
		517C894819DB702D005A8407 /* ClientManager.h */ = {isa = PBXFileReference; lastKnownFileType = sourcecode.c.h; name = ClientManager.h; path = Clients/ClientManager.h; sourceTree = "<group>"; };
		517C894919DB706C005A8407 /* ClientManager.m */ = {isa = PBXFileReference; fileEncoding = 4; lastKnownFileType = sourcecode.c.objc; name = ClientManager.m; path = Clients/ClientManager.m; sourceTree = "<group>"; };
		517C894B19DB7129005A8407 /* KeyChainWrapper.h */ = {isa = PBXFileReference; fileEncoding = 4; lastKnownFileType = sourcecode.c.h; name = KeyChainWrapper.h; path = Clients/KeyChainWrapper.h; sourceTree = "<group>"; };
		517C894C19DB7129005A8407 /* KeyChainWrapper.m */ = {isa = PBXFileReference; fileEncoding = 4; lastKnownFileType = sourcecode.c.objc; name = KeyChainWrapper.m; path = Clients/KeyChainWrapper.m; sourceTree = "<group>"; };
		517C894E19DB7DB4005A8407 /* RestKitInitializer.h */ = {isa = PBXFileReference; fileEncoding = 4; lastKnownFileType = sourcecode.c.h; name = RestKitInitializer.h; path = Clients/RestKitInitializer.h; sourceTree = "<group>"; };
		517C894F19DB7DB4005A8407 /* RestKitInitializer.m */ = {isa = PBXFileReference; fileEncoding = 4; lastKnownFileType = sourcecode.c.objc; name = RestKitInitializer.m; path = Clients/RestKitInitializer.m; sourceTree = "<group>"; };
		517C895119DB7E0C005A8407 /* Constants.h */ = {isa = PBXFileReference; fileEncoding = 4; lastKnownFileType = sourcecode.c.h; path = Constants.h; sourceTree = "<group>"; };
		519CB25A19F59688001E1C1A /* NSMutableArray+Shuffling.h */ = {isa = PBXFileReference; fileEncoding = 4; lastKnownFileType = sourcecode.c.h; path = "NSMutableArray+Shuffling.h"; sourceTree = "<group>"; };
		519CB25B19F59688001E1C1A /* NSMutableArray+Shuffling.m */ = {isa = PBXFileReference; fileEncoding = 4; lastKnownFileType = sourcecode.c.objc; path = "NSMutableArray+Shuffling.m"; sourceTree = "<group>"; };
		51BB7CB219EF21FB00D10F0D /* Quiz.h */ = {isa = PBXFileReference; lastKnownFileType = sourcecode.c.h; path = Quiz.h; sourceTree = "<group>"; };
		51BB7CB319EF21FB00D10F0D /* Quiz.m */ = {isa = PBXFileReference; lastKnownFileType = sourcecode.c.objc; path = Quiz.m; sourceTree = "<group>"; };
		51BB7CBD19F0617300D10F0D /* NotificationTableViewCell.h */ = {isa = PBXFileReference; fileEncoding = 4; lastKnownFileType = sourcecode.c.h; name = NotificationTableViewCell.h; path = TableViewCells/NotificationTableViewCell.h; sourceTree = "<group>"; };
		51BB7CBE19F0617300D10F0D /* NotificationTableViewCell.m */ = {isa = PBXFileReference; fileEncoding = 4; lastKnownFileType = sourcecode.c.objc; name = NotificationTableViewCell.m; path = TableViewCells/NotificationTableViewCell.m; sourceTree = "<group>"; };
		51C1F0E119E4B0AB00B56DD9 /* Model 5.xcdatamodel */ = {isa = PBXFileReference; lastKnownFileType = wrapper.xcdatamodel; path = "Model 5.xcdatamodel"; sourceTree = "<group>"; };
		51DF106C19E460E00021C3F9 /* ArrayToDataTransformer.h */ = {isa = PBXFileReference; fileEncoding = 4; lastKnownFileType = sourcecode.c.h; path = ArrayToDataTransformer.h; sourceTree = "<group>"; };
		51DF106D19E460E00021C3F9 /* ArrayToDataTransformer.m */ = {isa = PBXFileReference; fileEncoding = 4; lastKnownFileType = sourcecode.c.objc; path = ArrayToDataTransformer.m; sourceTree = "<group>"; };
		51DF106F19E4615F0021C3F9 /* Model 4.xcdatamodel */ = {isa = PBXFileReference; lastKnownFileType = wrapper.xcdatamodel; path = "Model 4.xcdatamodel"; sourceTree = "<group>"; };
		51F5A74519E60520006097EF /* Model 6.xcdatamodel */ = {isa = PBXFileReference; lastKnownFileType = wrapper.xcdatamodel; path = "Model 6.xcdatamodel"; sourceTree = "<group>"; };
		51F5A74919E60827006097EF /* Quiz+MBQuiz.h */ = {isa = PBXFileReference; fileEncoding = 4; lastKnownFileType = sourcecode.c.h; path = "Quiz+MBQuiz.h"; sourceTree = "<group>"; };
		51F5A74A19E60827006097EF /* Quiz+MBQuiz.m */ = {isa = PBXFileReference; fileEncoding = 4; lastKnownFileType = sourcecode.c.objc; path = "Quiz+MBQuiz.m"; sourceTree = "<group>"; };
		51F5A74F19E6089D006097EF /* NSNumber+MBNumber.h */ = {isa = PBXFileReference; fileEncoding = 4; lastKnownFileType = sourcecode.c.h; path = "NSNumber+MBNumber.h"; sourceTree = "<group>"; };
		51F5A75019E6089D006097EF /* NSNumber+MBNumber.m */ = {isa = PBXFileReference; fileEncoding = 4; lastKnownFileType = sourcecode.c.objc; path = "NSNumber+MBNumber.m"; sourceTree = "<group>"; };
		7A0E976719DCB194003A9359 /* ProfileViewController.h */ = {isa = PBXFileReference; fileEncoding = 4; lastKnownFileType = sourcecode.c.h; path = ProfileViewController.h; sourceTree = "<group>"; };
		7A0E976819DCB194003A9359 /* ProfileViewController.m */ = {isa = PBXFileReference; fileEncoding = 4; lastKnownFileType = sourcecode.c.objc; path = ProfileViewController.m; sourceTree = "<group>"; };
		7A0E976A19DCB389003A9359 /* MarbleTabBarController.h */ = {isa = PBXFileReference; fileEncoding = 4; lastKnownFileType = sourcecode.c.h; path = MarbleTabBarController.h; sourceTree = "<group>"; };
		7A0E976B19DCB389003A9359 /* MarbleTabBarController.m */ = {isa = PBXFileReference; fileEncoding = 4; lastKnownFileType = sourcecode.c.objc; path = MarbleTabBarController.m; sourceTree = "<group>"; };
		7A0E976D19DCBCBF003A9359 /* QuizTableViewCell.h */ = {isa = PBXFileReference; fileEncoding = 4; lastKnownFileType = sourcecode.c.h; path = QuizTableViewCell.h; sourceTree = "<group>"; };
		7A0E976E19DCBCBF003A9359 /* QuizTableViewCell.m */ = {isa = PBXFileReference; fileEncoding = 4; lastKnownFileType = sourcecode.c.objc; path = QuizTableViewCell.m; sourceTree = "<group>"; };
		7A0E977019DCD8BB003A9359 /* ProfileNavigationController.h */ = {isa = PBXFileReference; fileEncoding = 4; lastKnownFileType = sourcecode.c.h; name = ProfileNavigationController.h; path = NavigationControllers/ProfileNavigationController.h; sourceTree = "<group>"; };
		7A0E977119DCD8BB003A9359 /* ProfileNavigationController.m */ = {isa = PBXFileReference; fileEncoding = 4; lastKnownFileType = sourcecode.c.objc; name = ProfileNavigationController.m; path = NavigationControllers/ProfileNavigationController.m; sourceTree = "<group>"; };
		7A0E977319DCDFBC003A9359 /* HomeNavigationController.h */ = {isa = PBXFileReference; fileEncoding = 4; lastKnownFileType = sourcecode.c.h; name = HomeNavigationController.h; path = NavigationControllers/HomeNavigationController.h; sourceTree = "<group>"; };
		7A0E977419DCDFBC003A9359 /* HomeNavigationController.m */ = {isa = PBXFileReference; fileEncoding = 4; lastKnownFileType = sourcecode.c.objc; name = HomeNavigationController.m; path = NavigationControllers/HomeNavigationController.m; sourceTree = "<group>"; };
		7A10A56819EF23BB006A2CED /* CommentsTableViewController.h */ = {isa = PBXFileReference; fileEncoding = 4; lastKnownFileType = sourcecode.c.h; path = CommentsTableViewController.h; sourceTree = "<group>"; };
		7A10A56919EF23BB006A2CED /* CommentsTableViewController.m */ = {isa = PBXFileReference; fileEncoding = 4; lastKnownFileType = sourcecode.c.objc; path = CommentsTableViewController.m; sourceTree = "<group>"; };
		7A10A56B19EF241C006A2CED /* CommentsTableViewCell.h */ = {isa = PBXFileReference; fileEncoding = 4; lastKnownFileType = sourcecode.c.h; path = CommentsTableViewCell.h; sourceTree = "<group>"; };
		7A10A56C19EF241C006A2CED /* CommentsTableViewCell.m */ = {isa = PBXFileReference; fileEncoding = 4; lastKnownFileType = sourcecode.c.objc; path = CommentsTableViewCell.m; sourceTree = "<group>"; };
		7A261F2E19F0AB4B00D1E91D /* ExploreCollectionViewController.h */ = {isa = PBXFileReference; fileEncoding = 4; lastKnownFileType = sourcecode.c.h; path = ExploreCollectionViewController.h; sourceTree = "<group>"; };
		7A261F2F19F0AB4B00D1E91D /* ExploreCollectionViewController.m */ = {isa = PBXFileReference; fileEncoding = 4; lastKnownFileType = sourcecode.c.objc; path = ExploreCollectionViewController.m; sourceTree = "<group>"; };
		7A261F3219F0AC0200D1E91D /* ExploreCollectionViewCell.h */ = {isa = PBXFileReference; fileEncoding = 4; lastKnownFileType = sourcecode.c.h; name = ExploreCollectionViewCell.h; path = CollectionViewCells/ExploreCollectionViewCell.h; sourceTree = "<group>"; };
		7A261F3319F0AC0200D1E91D /* ExploreCollectionViewCell.m */ = {isa = PBXFileReference; fileEncoding = 4; lastKnownFileType = sourcecode.c.objc; name = ExploreCollectionViewCell.m; path = CollectionViewCells/ExploreCollectionViewCell.m; sourceTree = "<group>"; };
		7A261F3519F1A8FB00D1E91D /* ExploreNavigationController.h */ = {isa = PBXFileReference; fileEncoding = 4; lastKnownFileType = sourcecode.c.h; name = ExploreNavigationController.h; path = NavigationControllers/ExploreNavigationController.h; sourceTree = "<group>"; };
		7A261F3619F1A8FB00D1E91D /* ExploreNavigationController.m */ = {isa = PBXFileReference; fileEncoding = 4; lastKnownFileType = sourcecode.c.objc; name = ExploreNavigationController.m; path = NavigationControllers/ExploreNavigationController.m; sourceTree = "<group>"; };
		7A48343819EC56E80029D092 /* OpenSans-Regular.ttf */ = {isa = PBXFileReference; lastKnownFileType = file; name = "OpenSans-Regular.ttf"; path = "Resources/Fonts/OpenSans-Regular.ttf"; sourceTree = "<group>"; };
		7A48343919EC56E80029D092 /* OpenSans-Semibold.ttf */ = {isa = PBXFileReference; lastKnownFileType = file; name = "OpenSans-Semibold.ttf"; path = "Resources/Fonts/OpenSans-Semibold.ttf"; sourceTree = "<group>"; };
		7A48343E19EC9B940029D092 /* PostsTableViewSuperCell.h */ = {isa = PBXFileReference; fileEncoding = 4; lastKnownFileType = sourcecode.c.h; name = PostsTableViewSuperCell.h; path = TableViewCells/PostsTableViewSuperCell.h; sourceTree = "<group>"; };
		7A48343F19EC9B940029D092 /* PostsTableViewSuperCell.m */ = {isa = PBXFileReference; fileEncoding = 4; lastKnownFileType = sourcecode.c.objc; name = PostsTableViewSuperCell.m; path = TableViewCells/PostsTableViewSuperCell.m; sourceTree = "<group>"; };
		7A48344119EDEFB50029D092 /* SelectKeywordViewCell.h */ = {isa = PBXFileReference; fileEncoding = 4; lastKnownFileType = sourcecode.c.h; name = SelectKeywordViewCell.h; path = TableViewCells/SelectKeywordViewCell.h; sourceTree = "<group>"; };
		7A48344219EDEFB50029D092 /* SelectKeywordViewCell.m */ = {isa = PBXFileReference; fileEncoding = 4; lastKnownFileType = sourcecode.c.objc; name = SelectKeywordViewCell.m; path = TableViewCells/SelectKeywordViewCell.m; sourceTree = "<group>"; };
		7AB925AE19E3730C00F8229F /* UIColor+MBColor.h */ = {isa = PBXFileReference; fileEncoding = 4; lastKnownFileType = sourcecode.c.h; path = "UIColor+MBColor.h"; sourceTree = "<group>"; };
		7AB925AF19E3730C00F8229F /* UIColor+MBColor.m */ = {isa = PBXFileReference; fileEncoding = 4; lastKnownFileType = sourcecode.c.objc; path = "UIColor+MBColor.m"; sourceTree = "<group>"; };
		7AB925B119E374E500F8229F /* ExploreViewController.h */ = {isa = PBXFileReference; fileEncoding = 4; lastKnownFileType = sourcecode.c.h; path = ExploreViewController.h; sourceTree = "<group>"; };
		7AB925B219E374E500F8229F /* ExploreViewController.m */ = {isa = PBXFileReference; fileEncoding = 4; lastKnownFileType = sourcecode.c.objc; path = ExploreViewController.m; sourceTree = "<group>"; };
		7AD2A32C19DE1F9800B200E9 /* User+MBUser.h */ = {isa = PBXFileReference; fileEncoding = 4; lastKnownFileType = sourcecode.c.h; path = "User+MBUser.h"; sourceTree = "<group>"; };
		7AD2A32D19DE1F9800B200E9 /* User+MBUser.m */ = {isa = PBXFileReference; fileEncoding = 4; lastKnownFileType = sourcecode.c.objc; path = "User+MBUser.m"; sourceTree = "<group>"; };
		7AD9AF3F19F6EB7200A83B59 /* UIView+MBView.h */ = {isa = PBXFileReference; fileEncoding = 4; lastKnownFileType = sourcecode.c.h; path = "UIView+MBView.h"; sourceTree = "<group>"; };
		7AD9AF4019F6EB7200A83B59 /* UIView+MBView.m */ = {isa = PBXFileReference; fileEncoding = 4; lastKnownFileType = sourcecode.c.objc; path = "UIView+MBView.m"; sourceTree = "<group>"; };
		7AEB9CF419E8572200409276 /* KeywordUpdateTableViewCell.h */ = {isa = PBXFileReference; fileEncoding = 4; lastKnownFileType = sourcecode.c.h; name = KeywordUpdateTableViewCell.h; path = TableViewCells/KeywordUpdateTableViewCell.h; sourceTree = "<group>"; };
		7AEB9CF519E8572200409276 /* KeywordUpdateTableViewCell.m */ = {isa = PBXFileReference; fileEncoding = 4; lastKnownFileType = sourcecode.c.objc; name = KeywordUpdateTableViewCell.m; path = TableViewCells/KeywordUpdateTableViewCell.m; sourceTree = "<group>"; };
		7AEB9CF719E9B37100409276 /* KeywordListViewController.h */ = {isa = PBXFileReference; fileEncoding = 4; lastKnownFileType = sourcecode.c.h; path = KeywordListViewController.h; sourceTree = "<group>"; };
		7AEB9CF819E9B37100409276 /* KeywordListViewController.m */ = {isa = PBXFileReference; fileEncoding = 4; lastKnownFileType = sourcecode.c.objc; path = KeywordListViewController.m; sourceTree = "<group>"; };
		7AEB9CFA19E9B3B500409276 /* KeywordProfileViewController.h */ = {isa = PBXFileReference; fileEncoding = 4; lastKnownFileType = sourcecode.c.h; path = KeywordProfileViewController.h; sourceTree = "<group>"; };
		7AEB9CFB19E9B3B500409276 /* KeywordProfileViewController.m */ = {isa = PBXFileReference; fileEncoding = 4; lastKnownFileType = sourcecode.c.objc; path = KeywordProfileViewController.m; sourceTree = "<group>"; };
		7AEB9CFD19E9B80E00409276 /* KeywordListTableViewCell.h */ = {isa = PBXFileReference; fileEncoding = 4; lastKnownFileType = sourcecode.c.h; name = KeywordListTableViewCell.h; path = TableViewCells/KeywordListTableViewCell.h; sourceTree = "<group>"; };
		7AEB9CFE19E9B80E00409276 /* KeywordListTableViewCell.m */ = {isa = PBXFileReference; fileEncoding = 4; lastKnownFileType = sourcecode.c.objc; name = KeywordListTableViewCell.m; path = TableViewCells/KeywordListTableViewCell.m; sourceTree = "<group>"; };
		7AF4122D19D9FB6C00A470E1 /* Marbles.app */ = {isa = PBXFileReference; explicitFileType = wrapper.application; includeInIndex = 0; path = Marbles.app; sourceTree = BUILT_PRODUCTS_DIR; };
		7AF4123119D9FB6C00A470E1 /* Info.plist */ = {isa = PBXFileReference; lastKnownFileType = text.plist.xml; path = Info.plist; sourceTree = "<group>"; };
		7AF4123219D9FB6C00A470E1 /* main.m */ = {isa = PBXFileReference; lastKnownFileType = sourcecode.c.objc; path = main.m; sourceTree = "<group>"; };
		7AF4123419D9FB6C00A470E1 /* AppDelegate.h */ = {isa = PBXFileReference; lastKnownFileType = sourcecode.c.h; path = AppDelegate.h; sourceTree = "<group>"; };
		7AF4123519D9FB6C00A470E1 /* AppDelegate.m */ = {isa = PBXFileReference; lastKnownFileType = sourcecode.c.objc; path = AppDelegate.m; sourceTree = "<group>"; };
		7AF4123B19D9FB6C00A470E1 /* Base */ = {isa = PBXFileReference; lastKnownFileType = file.storyboard; name = Base; path = Base.lproj/Main.storyboard; sourceTree = "<group>"; };
		7AF4123D19D9FB6C00A470E1 /* Images.xcassets */ = {isa = PBXFileReference; lastKnownFileType = folder.assetcatalog; path = Images.xcassets; sourceTree = "<group>"; };
		7AF4124019D9FB6C00A470E1 /* Base */ = {isa = PBXFileReference; lastKnownFileType = file.xib; name = Base; path = Base.lproj/LaunchScreen.xib; sourceTree = "<group>"; };
		7AF4124619D9FB6C00A470E1 /* MarbleTests.xctest */ = {isa = PBXFileReference; explicitFileType = wrapper.cfbundle; includeInIndex = 0; path = MarbleTests.xctest; sourceTree = BUILT_PRODUCTS_DIR; };
		7AF4124B19D9FB6C00A470E1 /* Info.plist */ = {isa = PBXFileReference; lastKnownFileType = text.plist.xml; path = Info.plist; sourceTree = "<group>"; };
		7AF4124C19D9FB6C00A470E1 /* MarbleTests.m */ = {isa = PBXFileReference; lastKnownFileType = sourcecode.c.objc; path = MarbleTests.m; sourceTree = "<group>"; };
		7AF4125619D9FFB800A470E1 /* HomeViewController.h */ = {isa = PBXFileReference; fileEncoding = 4; lastKnownFileType = sourcecode.c.h; path = HomeViewController.h; sourceTree = "<group>"; };
		7AF4125719D9FFB800A470E1 /* HomeViewController.m */ = {isa = PBXFileReference; fileEncoding = 4; lastKnownFileType = sourcecode.c.objc; path = HomeViewController.m; sourceTree = "<group>"; };
		7AF4125F19DA035400A470E1 /* CreateQuizViewController.h */ = {isa = PBXFileReference; fileEncoding = 4; lastKnownFileType = sourcecode.c.h; path = CreateQuizViewController.h; sourceTree = "<group>"; };
		7AF4126019DA035400A470E1 /* CreateQuizViewController.m */ = {isa = PBXFileReference; fileEncoding = 4; lastKnownFileType = sourcecode.c.objc; path = CreateQuizViewController.m; sourceTree = "<group>"; };
		7AF4126919DA2EC200A470E1 /* PostsViewController.h */ = {isa = PBXFileReference; fileEncoding = 4; lastKnownFileType = sourcecode.c.h; path = PostsViewController.h; sourceTree = "<group>"; };
		7AF4126A19DA2EC200A470E1 /* PostsViewController.m */ = {isa = PBXFileReference; fileEncoding = 4; lastKnownFileType = sourcecode.c.objc; path = PostsViewController.m; sourceTree = "<group>"; };
		7AF4126C19DA672500A470E1 /* SelectPeopleViewController.h */ = {isa = PBXFileReference; fileEncoding = 4; lastKnownFileType = sourcecode.c.h; path = SelectPeopleViewController.h; sourceTree = "<group>"; };
		7AF4126D19DA672500A470E1 /* SelectPeopleViewController.m */ = {isa = PBXFileReference; fileEncoding = 4; lastKnownFileType = sourcecode.c.objc; path = SelectPeopleViewController.m; sourceTree = "<group>"; };
		7AF4126F19DA6A8300A470E1 /* SelectPeopleViewCell.h */ = {isa = PBXFileReference; fileEncoding = 4; lastKnownFileType = sourcecode.c.h; name = SelectPeopleViewCell.h; path = TableViewCells/SelectPeopleViewCell.h; sourceTree = "<group>"; };
		7AF4127019DA6A8300A470E1 /* SelectPeopleViewCell.m */ = {isa = PBXFileReference; fileEncoding = 4; lastKnownFileType = sourcecode.c.objc; name = SelectPeopleViewCell.m; path = TableViewCells/SelectPeopleViewCell.m; sourceTree = "<group>"; };
		7AF4127319DB392200A470E1 /* LoginViewController.h */ = {isa = PBXFileReference; fileEncoding = 4; lastKnownFileType = sourcecode.c.h; path = LoginViewController.h; sourceTree = "<group>"; };
		7AF4127419DB392200A470E1 /* LoginViewController.m */ = {isa = PBXFileReference; fileEncoding = 4; lastKnownFileType = sourcecode.c.objc; path = LoginViewController.m; sourceTree = "<group>"; };
		7AF4127D19DB62C600A470E1 /* Utility.h */ = {isa = PBXFileReference; fileEncoding = 4; lastKnownFileType = sourcecode.c.h; path = Utility.h; sourceTree = "<group>"; };
		7AF4127E19DB62C600A470E1 /* Utility.m */ = {isa = PBXFileReference; fileEncoding = 4; lastKnownFileType = sourcecode.c.objc; path = Utility.m; sourceTree = "<group>"; };
		7AF4128019DB653D00A470E1 /* Marble-Prefix.pch */ = {isa = PBXFileReference; fileEncoding = 4; lastKnownFileType = sourcecode.c.h; path = "Marble-Prefix.pch"; sourceTree = "<group>"; };
		7AFF5BBC19E59AEA00CFD35D /* SelectKeywordViewController.h */ = {isa = PBXFileReference; fileEncoding = 4; lastKnownFileType = sourcecode.c.h; path = SelectKeywordViewController.h; sourceTree = "<group>"; };
		7AFF5BBD19E59AEA00CFD35D /* SelectKeywordViewController.m */ = {isa = PBXFileReference; fileEncoding = 4; lastKnownFileType = sourcecode.c.objc; path = SelectKeywordViewController.m; sourceTree = "<group>"; };
		7AFF5BBF19E7631F00CFD35D /* StatusUpdateTableViewCell.h */ = {isa = PBXFileReference; fileEncoding = 4; lastKnownFileType = sourcecode.c.h; path = StatusUpdateTableViewCell.h; sourceTree = "<group>"; };
		7AFF5BC019E7631F00CFD35D /* StatusUpdateTableViewCell.m */ = {isa = PBXFileReference; fileEncoding = 4; lastKnownFileType = sourcecode.c.objc; path = StatusUpdateTableViewCell.m; sourceTree = "<group>"; };
		B4D021A1ADB6A726F90326D9 /* Pods.release.xcconfig */ = {isa = PBXFileReference; includeInIndex = 1; lastKnownFileType = text.xcconfig; name = Pods.release.xcconfig; path = "Pods/Target Support Files/Pods/Pods.release.xcconfig"; sourceTree = "<group>"; };
		D619E12F33A6253011BD463F /* Pods.debug.xcconfig */ = {isa = PBXFileReference; includeInIndex = 1; lastKnownFileType = text.xcconfig; name = Pods.debug.xcconfig; path = "Pods/Target Support Files/Pods/Pods.debug.xcconfig"; sourceTree = "<group>"; };
/* End PBXFileReference section */

/* Begin PBXFrameworksBuildPhase section */
		7AF4122A19D9FB6C00A470E1 /* Frameworks */ = {
			isa = PBXFrameworksBuildPhase;
			buildActionMask = 2147483647;
			files = (
				517C894619DB67B0005A8407 /* FacebookSDK.framework in Frameworks */,
				A37F7B3E875019E0B141F1BD /* libPods.a in Frameworks */,
			);
			runOnlyForDeploymentPostprocessing = 0;
		};
		7AF4124319D9FB6C00A470E1 /* Frameworks */ = {
			isa = PBXFrameworksBuildPhase;
			buildActionMask = 2147483647;
			files = (
			);
			runOnlyForDeploymentPostprocessing = 0;
		};
/* End PBXFrameworksBuildPhase section */

/* Begin PBXGroup section */
		17B5C9C40802364FADDA11CA /* Pods */ = {
			isa = PBXGroup;
			children = (
				D619E12F33A6253011BD463F /* Pods.debug.xcconfig */,
				B4D021A1ADB6A726F90326D9 /* Pods.release.xcconfig */,
			);
			name = Pods;
			sourceTree = "<group>";
		};
		50B568F019E4949E0050C8EC /* Icons */ = {
			isa = PBXGroup;
			children = (
				50B568F919E497020050C8EC /* notif-selected@2x.png */,
				50B568FA19E497020050C8EC /* notif-unselected@2x.png */,
				50B568FB19E497020050C8EC /* user-selected@2x.png */,
				50B568FC19E497020050C8EC /* user-unselected@2x.png */,
				50B568FD19E497020050C8EC /* home-selected@2x.png */,
				50B568FE19E497020050C8EC /* home-unselected@2x.png */,
				50B5690B19E4AA260050C8EC /* login.png */,
				50B568FF19E497020050C8EC /* explore-unselected@2x.png */,
				50B5690019E497020050C8EC /* explore-selected@2x.png */,
			);
			name = Icons;
			sourceTree = "<group>";
		};
		5152F8DB19DCACA1008E99DB /* Models */ = {
			isa = PBXGroup;
			children = (
				51BB7CB219EF21FB00D10F0D /* Quiz.h */,
				51BB7CB319EF21FB00D10F0D /* Quiz.m */,
				516937AC19EF070D00EE0C0D /* User.h */,
				516937AD19EF070D00EE0C0D /* User.m */,
				51706D2A19E88E42005010E6 /* StatusUpdate.h */,
				51706D2B19E88E42005010E6 /* StatusUpdate.m */,
				516937A619ECD38300EE0C0D /* StatusUpdate+MBStatusUpdate.h */,
				516937A719ECD38300EE0C0D /* StatusUpdate+MBStatusUpdate.m */,
				51DF106C19E460E00021C3F9 /* ArrayToDataTransformer.h */,
				51DF106D19E460E00021C3F9 /* ArrayToDataTransformer.m */,
				7AD2A32C19DE1F9800B200E9 /* User+MBUser.h */,
				7AD2A32D19DE1F9800B200E9 /* User+MBUser.m */,
				5152F8DD19DCAD86008E99DB /* Model.xcdatamodeld */,
				5118901F19F09A2B00E62CD4 /* CommentNotification.h */,
				5118902019F09A2B00E62CD4 /* CommentNotification.m */,
				516937A019ECCD5600EE0C0D /* Post.h */,
				516937A119ECCD5600EE0C0D /* Post.m */,
				516937A919ECD56500EE0C0D /* Post+MBPost.h */,
				516937AA19ECD56500EE0C0D /* Post+MBPost.m */,
				51706D3719E9E50D005010E6 /* KeywordUpdate.h */,
				51706D3819E9E50D005010E6 /* KeywordUpdate.m */,
				516937A319ECD35D00EE0C0D /* KeywordUpdate+MBKeywordUpdate.h */,
				516937A419ECD35D00EE0C0D /* KeywordUpdate+MBKeywordUpdate.m */,
				51F5A74919E60827006097EF /* Quiz+MBQuiz.h */,
				51F5A74A19E60827006097EF /* Quiz+MBQuiz.m */,
			);
			path = Models;
			sourceTree = "<group>";
		};
		517C894319DB630E005A8407 /* Clients */ = {
			isa = PBXGroup;
			children = (
				517C894819DB702D005A8407 /* ClientManager.h */,
				517C894919DB706C005A8407 /* ClientManager.m */,
				517C894B19DB7129005A8407 /* KeyChainWrapper.h */,
				517C894C19DB7129005A8407 /* KeyChainWrapper.m */,
				517C894E19DB7DB4005A8407 /* RestKitInitializer.h */,
				517C894F19DB7DB4005A8407 /* RestKitInitializer.m */,
			);
			name = Clients;
			sourceTree = "<group>";
		};
		517C894419DB6793005A8407 /* Framework */ = {
			isa = PBXGroup;
			children = (
				517C894519DB67B0005A8407 /* FacebookSDK.framework */,
			);
			name = Framework;
			sourceTree = "<group>";
		};
		7A261F3119F0ABD500D1E91D /* CollectionViewCells */ = {
			isa = PBXGroup;
			children = (
				7A261F3219F0AC0200D1E91D /* ExploreCollectionViewCell.h */,
				7A261F3319F0AC0200D1E91D /* ExploreCollectionViewCell.m */,
			);
			name = CollectionViewCells;
			sourceTree = "<group>";
		};
		7A48343719EC56D60029D092 /* Resources */ = {
			isa = PBXGroup;
			children = (
				7A48343D19EC576C0029D092 /* Fonts */,
			);
			name = Resources;
			sourceTree = "<group>";
		};
		7A48343D19EC576C0029D092 /* Fonts */ = {
			isa = PBXGroup;
			children = (
				7A48343919EC56E80029D092 /* OpenSans-Semibold.ttf */,
				7A48343819EC56E80029D092 /* OpenSans-Regular.ttf */,
			);
			name = Fonts;
			sourceTree = "<group>";
		};
		7AF4122419D9FB6C00A470E1 = {
			isa = PBXGroup;
			children = (
				7A261F3119F0ABD500D1E91D /* CollectionViewCells */,
				7A48343719EC56D60029D092 /* Resources */,
				50B568F019E4949E0050C8EC /* Icons */,
				5152F8DB19DCACA1008E99DB /* Models */,
				7AF4127619DB518900A470E1 /* Utilities */,
				517C894419DB6793005A8407 /* Framework */,
				517C894319DB630E005A8407 /* Clients */,
				7AF4127219DA6A8B00A470E1 /* TableViewCells */,
				7AF4126519DA115A00A470E1 /* NavigationControllers */,
				7AF4122F19D9FB6C00A470E1 /* Marble */,
				7AF4125919D9FFD600A470E1 /* ViewControllers */,
				7AF4124919D9FB6C00A470E1 /* MarbleTests */,
				7AF4122E19D9FB6C00A470E1 /* Products */,
				17B5C9C40802364FADDA11CA /* Pods */,
				D85B1E611F9E19FEC539FC9A /* Frameworks */,
			);
			sourceTree = "<group>";
		};
		7AF4122E19D9FB6C00A470E1 /* Products */ = {
			isa = PBXGroup;
			children = (
				7AF4122D19D9FB6C00A470E1 /* Marbles.app */,
				7AF4124619D9FB6C00A470E1 /* MarbleTests.xctest */,
			);
			name = Products;
			sourceTree = "<group>";
		};
		7AF4122F19D9FB6C00A470E1 /* Marble */ = {
			isa = PBXGroup;
			children = (
				7AF4123419D9FB6C00A470E1 /* AppDelegate.h */,
				7AF4123519D9FB6C00A470E1 /* AppDelegate.m */,
				7AF4123A19D9FB6C00A470E1 /* Main.storyboard */,
				7AF4123D19D9FB6C00A470E1 /* Images.xcassets */,
				7AF4123F19D9FB6C00A470E1 /* LaunchScreen.xib */,
				7AF4123019D9FB6C00A470E1 /* Supporting Files */,
			);
			path = Marble;
			sourceTree = "<group>";
		};
		7AF4123019D9FB6C00A470E1 /* Supporting Files */ = {
			isa = PBXGroup;
			children = (
				7AF4128019DB653D00A470E1 /* Marble-Prefix.pch */,
				7AF4123119D9FB6C00A470E1 /* Info.plist */,
				7AF4123219D9FB6C00A470E1 /* main.m */,
			);
			name = "Supporting Files";
			sourceTree = "<group>";
		};
		7AF4124919D9FB6C00A470E1 /* MarbleTests */ = {
			isa = PBXGroup;
			children = (
				7AF4124C19D9FB6C00A470E1 /* MarbleTests.m */,
				7AF4124A19D9FB6C00A470E1 /* Supporting Files */,
			);
			path = MarbleTests;
			sourceTree = "<group>";
		};
		7AF4124A19D9FB6C00A470E1 /* Supporting Files */ = {
			isa = PBXGroup;
			children = (
				7AF4124B19D9FB6C00A470E1 /* Info.plist */,
			);
			name = "Supporting Files";
			sourceTree = "<group>";
		};
		7AF4125919D9FFD600A470E1 /* ViewControllers */ = {
			isa = PBXGroup;
			children = (
				7A0E976719DCB194003A9359 /* ProfileViewController.h */,
				7A0E976819DCB194003A9359 /* ProfileViewController.m */,
				50B568ED19E490590050C8EC /* NotifViewController.h */,
				50B568EE19E490590050C8EC /* NotifViewController.m */,
				7AF4127319DB392200A470E1 /* LoginViewController.h */,
				7AF4127419DB392200A470E1 /* LoginViewController.m */,
				7AF4126919DA2EC200A470E1 /* PostsViewController.h */,
				7AF4126A19DA2EC200A470E1 /* PostsViewController.m */,
				7AF4125F19DA035400A470E1 /* CreateQuizViewController.h */,
				7AF4126019DA035400A470E1 /* CreateQuizViewController.m */,
				7AF4125619D9FFB800A470E1 /* HomeViewController.h */,
				7AF4125719D9FFB800A470E1 /* HomeViewController.m */,
				7A0E976A19DCB389003A9359 /* MarbleTabBarController.h */,
				7A0E976B19DCB389003A9359 /* MarbleTabBarController.m */,
				7AB925B119E374E500F8229F /* ExploreViewController.h */,
				7AB925B219E374E500F8229F /* ExploreViewController.m */,
				7AF4126C19DA672500A470E1 /* SelectPeopleViewController.h */,
				7AF4126D19DA672500A470E1 /* SelectPeopleViewController.m */,
				7AFF5BBC19E59AEA00CFD35D /* SelectKeywordViewController.h */,
				7AFF5BBD19E59AEA00CFD35D /* SelectKeywordViewController.m */,
				7AEB9CF719E9B37100409276 /* KeywordListViewController.h */,
				7AEB9CF819E9B37100409276 /* KeywordListViewController.m */,
				7AEB9CFA19E9B3B500409276 /* KeywordProfileViewController.h */,
				7AEB9CFB19E9B3B500409276 /* KeywordProfileViewController.m */,
				7A10A56819EF23BB006A2CED /* CommentsTableViewController.h */,
				7A10A56919EF23BB006A2CED /* CommentsTableViewController.m */,
				7A261F2E19F0AB4B00D1E91D /* ExploreCollectionViewController.h */,
				7A261F2F19F0AB4B00D1E91D /* ExploreCollectionViewController.m */,
			);
			path = ViewControllers;
			sourceTree = "<group>";
		};
		7AF4126519DA115A00A470E1 /* NavigationControllers */ = {
			isa = PBXGroup;
			children = (
				7A0E977019DCD8BB003A9359 /* ProfileNavigationController.h */,
				7A0E977119DCD8BB003A9359 /* ProfileNavigationController.m */,
				7A0E977319DCDFBC003A9359 /* HomeNavigationController.h */,
				7A0E977419DCDFBC003A9359 /* HomeNavigationController.m */,
				7A261F3519F1A8FB00D1E91D /* ExploreNavigationController.h */,
				7A261F3619F1A8FB00D1E91D /* ExploreNavigationController.m */,
			);
			name = NavigationControllers;
			sourceTree = "<group>";
		};
		7AF4127219DA6A8B00A470E1 /* TableViewCells */ = {
			isa = PBXGroup;
			children = (
				7A0E976D19DCBCBF003A9359 /* QuizTableViewCell.h */,
				7A0E976E19DCBCBF003A9359 /* QuizTableViewCell.m */,
				51BB7CBD19F0617300D10F0D /* NotificationTableViewCell.h */,
				51BB7CBE19F0617300D10F0D /* NotificationTableViewCell.m */,
				7AFF5BBF19E7631F00CFD35D /* StatusUpdateTableViewCell.h */,
				7AFF5BC019E7631F00CFD35D /* StatusUpdateTableViewCell.m */,
				7AEB9CF419E8572200409276 /* KeywordUpdateTableViewCell.h */,
				7AEB9CF519E8572200409276 /* KeywordUpdateTableViewCell.m */,
				7AEB9CFD19E9B80E00409276 /* KeywordListTableViewCell.h */,
				7AEB9CFE19E9B80E00409276 /* KeywordListTableViewCell.m */,
				7A48343E19EC9B940029D092 /* PostsTableViewSuperCell.h */,
				7A48343F19EC9B940029D092 /* PostsTableViewSuperCell.m */,
				7A48344119EDEFB50029D092 /* SelectKeywordViewCell.h */,
				7A48344219EDEFB50029D092 /* SelectKeywordViewCell.m */,
				7AF4126F19DA6A8300A470E1 /* SelectPeopleViewCell.h */,
				7AF4127019DA6A8300A470E1 /* SelectPeopleViewCell.m */,
				7A10A56B19EF241C006A2CED /* CommentsTableViewCell.h */,
				7A10A56C19EF241C006A2CED /* CommentsTableViewCell.m */,
			);
			name = TableViewCells;
			sourceTree = "<group>";
		};
		7AF4127619DB518900A470E1 /* Utilities */ = {
			isa = PBXGroup;
			children = (
				51F5A74F19E6089D006097EF /* NSNumber+MBNumber.h */,
				51F5A75019E6089D006097EF /* NSNumber+MBNumber.m */,
				517C895119DB7E0C005A8407 /* Constants.h */,
				7AF4127D19DB62C600A470E1 /* Utility.h */,
				7AF4127E19DB62C600A470E1 /* Utility.m */,
				7AB925AE19E3730C00F8229F /* UIColor+MBColor.h */,
				7AB925AF19E3730C00F8229F /* UIColor+MBColor.m */,
				519CB25A19F59688001E1C1A /* NSMutableArray+Shuffling.h */,
				519CB25B19F59688001E1C1A /* NSMutableArray+Shuffling.m */,
				7AD9AF3F19F6EB7200A83B59 /* UIView+MBView.h */,
				7AD9AF4019F6EB7200A83B59 /* UIView+MBView.m */,
			);
			path = Utilities;
			sourceTree = "<group>";
		};
		D85B1E611F9E19FEC539FC9A /* Frameworks */ = {
			isa = PBXGroup;
			children = (
				3634F2606FB7FDA06677D4FC /* libPods.a */,
			);
			name = Frameworks;
			sourceTree = "<group>";
		};
/* End PBXGroup section */

/* Begin PBXNativeTarget section */
		7AF4122C19D9FB6C00A470E1 /* Marble */ = {
			isa = PBXNativeTarget;
			buildConfigurationList = 7AF4125019D9FB6C00A470E1 /* Build configuration list for PBXNativeTarget "Marble" */;
			buildPhases = (
				2B5C0262E6CED6A578B84D1D /* Check Pods Manifest.lock */,
				7AF4122919D9FB6C00A470E1 /* Sources */,
				7AF4122A19D9FB6C00A470E1 /* Frameworks */,
				7AF4122B19D9FB6C00A470E1 /* Resources */,
				D4C464312C3669A1F77CBABC /* Copy Pods Resources */,
			);
			buildRules = (
			);
			dependencies = (
			);
			name = Marble;
			productName = Marble;
			productReference = 7AF4122D19D9FB6C00A470E1 /* Marbles.app */;
			productType = "com.apple.product-type.application";
		};
		7AF4124519D9FB6C00A470E1 /* MarbleTests */ = {
			isa = PBXNativeTarget;
			buildConfigurationList = 7AF4125319D9FB6C00A470E1 /* Build configuration list for PBXNativeTarget "MarbleTests" */;
			buildPhases = (
				7AF4124219D9FB6C00A470E1 /* Sources */,
				7AF4124319D9FB6C00A470E1 /* Frameworks */,
				7AF4124419D9FB6C00A470E1 /* Resources */,
			);
			buildRules = (
			);
			dependencies = (
				7AF4124819D9FB6C00A470E1 /* PBXTargetDependency */,
			);
			name = MarbleTests;
			productName = MarbleTests;
			productReference = 7AF4124619D9FB6C00A470E1 /* MarbleTests.xctest */;
			productType = "com.apple.product-type.bundle.unit-test";
		};
/* End PBXNativeTarget section */

/* Begin PBXProject section */
		7AF4122519D9FB6C00A470E1 /* Project object */ = {
			isa = PBXProject;
			attributes = {
				LastUpgradeCheck = 0600;
				ORGANIZATIONNAME = "Orrzs Inc";
				TargetAttributes = {
					7AF4122C19D9FB6C00A470E1 = {
						CreatedOnToolsVersion = 6.0.1;
						DevelopmentTeam = 4AKZFCP9WW;
					};
					7AF4124519D9FB6C00A470E1 = {
						CreatedOnToolsVersion = 6.0.1;
						TestTargetID = 7AF4122C19D9FB6C00A470E1;
					};
				};
			};
			buildConfigurationList = 7AF4122819D9FB6C00A470E1 /* Build configuration list for PBXProject "Marble" */;
			compatibilityVersion = "Xcode 3.2";
			developmentRegion = English;
			hasScannedForEncodings = 0;
			knownRegions = (
				en,
				Base,
			);
			mainGroup = 7AF4122419D9FB6C00A470E1;
			productRefGroup = 7AF4122E19D9FB6C00A470E1 /* Products */;
			projectDirPath = "";
			projectRoot = "";
			targets = (
				7AF4122C19D9FB6C00A470E1 /* Marble */,
				7AF4124519D9FB6C00A470E1 /* MarbleTests */,
			);
		};
/* End PBXProject section */

/* Begin PBXResourcesBuildPhase section */
		7AF4122B19D9FB6C00A470E1 /* Resources */ = {
			isa = PBXResourcesBuildPhase;
			buildActionMask = 2147483647;
			files = (
				50B5690519E497020050C8EC /* home-selected@2x.png in Resources */,
				50B5690119E497020050C8EC /* notif-selected@2x.png in Resources */,
				7AF4123C19D9FB6C00A470E1 /* Main.storyboard in Resources */,
				50B5690219E497020050C8EC /* notif-unselected@2x.png in Resources */,
				50B5690719E497020050C8EC /* explore-unselected@2x.png in Resources */,
				7AF4124119D9FB6C00A470E1 /* LaunchScreen.xib in Resources */,
				50B5690419E497020050C8EC /* user-unselected@2x.png in Resources */,
				50B5690319E497020050C8EC /* user-selected@2x.png in Resources */,
				50B5690619E497020050C8EC /* home-unselected@2x.png in Resources */,
				50B5690C19E4AA260050C8EC /* login.png in Resources */,
				50B5690819E497020050C8EC /* explore-selected@2x.png in Resources */,
				7A48343A19EC56E80029D092 /* OpenSans-Regular.ttf in Resources */,
				7A48343B19EC56E80029D092 /* OpenSans-Semibold.ttf in Resources */,
				7AF4123E19D9FB6C00A470E1 /* Images.xcassets in Resources */,
			);
			runOnlyForDeploymentPostprocessing = 0;
		};
		7AF4124419D9FB6C00A470E1 /* Resources */ = {
			isa = PBXResourcesBuildPhase;
			buildActionMask = 2147483647;
			files = (
			);
			runOnlyForDeploymentPostprocessing = 0;
		};
/* End PBXResourcesBuildPhase section */

/* Begin PBXShellScriptBuildPhase section */
		2B5C0262E6CED6A578B84D1D /* Check Pods Manifest.lock */ = {
			isa = PBXShellScriptBuildPhase;
			buildActionMask = 2147483647;
			files = (
			);
			inputPaths = (
			);
			name = "Check Pods Manifest.lock";
			outputPaths = (
			);
			runOnlyForDeploymentPostprocessing = 0;
			shellPath = /bin/sh;
			shellScript = "diff \"${PODS_ROOT}/../Podfile.lock\" \"${PODS_ROOT}/Manifest.lock\" > /dev/null\nif [[ $? != 0 ]] ; then\n    cat << EOM\nerror: The sandbox is not in sync with the Podfile.lock. Run 'pod install' or update your CocoaPods installation.\nEOM\n    exit 1\nfi\n";
			showEnvVarsInLog = 0;
		};
		D4C464312C3669A1F77CBABC /* Copy Pods Resources */ = {
			isa = PBXShellScriptBuildPhase;
			buildActionMask = 2147483647;
			files = (
			);
			inputPaths = (
			);
			name = "Copy Pods Resources";
			outputPaths = (
			);
			runOnlyForDeploymentPostprocessing = 0;
			shellPath = /bin/sh;
			shellScript = "\"${SRCROOT}/Pods/Target Support Files/Pods/Pods-resources.sh\"\n";
			showEnvVarsInLog = 0;
		};
/* End PBXShellScriptBuildPhase section */

/* Begin PBXSourcesBuildPhase section */
		7AF4122919D9FB6C00A470E1 /* Sources */ = {
			isa = PBXSourcesBuildPhase;
			buildActionMask = 2147483647;
			files = (
				51BB7CB419EF221A00D10F0D /* Quiz.h in Sources */,
				51BB7CB519EF221A00D10F0D /* Quiz.m in Sources */,
				516937AE19EF07BF00EE0C0D /* User.h in Sources */,
				516937AF19EF07BF00EE0C0D /* User.m in Sources */,
				51706D3419E88F0B005010E6 /* StatusUpdate.h in Sources */,
				51706D3519E88F0B005010E6 /* StatusUpdate.m in Sources */,
				7AD9AF4119F6EB7200A83B59 /* UIView+MBView.m in Sources */,
				7AEB9CFF19E9B80E00409276 /* KeywordListTableViewCell.m in Sources */,
				51706D3919E9E50D005010E6 /* KeywordUpdate.m in Sources */,
				7AEB9CF619E8572200409276 /* KeywordUpdateTableViewCell.m in Sources */,
				7AF4123619D9FB6C00A470E1 /* AppDelegate.m in Sources */,
				5118902119F09A2B00E62CD4 /* CommentNotification.m in Sources */,
				517C894D19DB7129005A8407 /* KeyChainWrapper.m in Sources */,
				7AF4127119DA6A8300A470E1 /* SelectPeopleViewCell.m in Sources */,
				5152F8DF19DCAD86008E99DB /* Model.xcdatamodeld in Sources */,
				51BB7CBF19F0617300D10F0D /* NotificationTableViewCell.m in Sources */,
				7AB925B019E3730C00F8229F /* UIColor+MBColor.m in Sources */,
				516937AB19ECD56500EE0C0D /* Post+MBPost.m in Sources */,
				51F5A74B19E60827006097EF /* Quiz+MBQuiz.m in Sources */,
				51F5A75119E6089D006097EF /* NSNumber+MBNumber.m in Sources */,
				7A48344319EDEFB50029D092 /* SelectKeywordViewCell.m in Sources */,
				516937A519ECD35D00EE0C0D /* KeywordUpdate+MBKeywordUpdate.m in Sources */,
				7AD2A32E19DE1F9800B200E9 /* User+MBUser.m in Sources */,
				7AF4123319D9FB6C00A470E1 /* main.m in Sources */,
				7A0E976919DCB194003A9359 /* ProfileViewController.m in Sources */,
				7A261F3419F0AC0200D1E91D /* ExploreCollectionViewCell.m in Sources */,
				7AEB9CF919E9B37100409276 /* KeywordListViewController.m in Sources */,
				7AFF5BBE19E59AEA00CFD35D /* SelectKeywordViewController.m in Sources */,
				7A0E977519DCDFBC003A9359 /* HomeNavigationController.m in Sources */,
				7A261F3719F1A8FB00D1E91D /* ExploreNavigationController.m in Sources */,
				7AFF5BC119E7631F00CFD35D /* StatusUpdateTableViewCell.m in Sources */,
				7A10A56A19EF23BB006A2CED /* CommentsTableViewController.m in Sources */,
				51DF106E19E460E00021C3F9 /* ArrayToDataTransformer.m in Sources */,
				7A261F3019F0AB4B00D1E91D /* ExploreCollectionViewController.m in Sources */,
				517C895019DB7DB4005A8407 /* RestKitInitializer.m in Sources */,
				7AEB9CFC19E9B3B500409276 /* KeywordProfileViewController.m in Sources */,
				516937A219ECCD5600EE0C0D /* Post.m in Sources */,
				7AF4126B19DA2EC200A470E1 /* PostsViewController.m in Sources */,
				7A0E976C19DCB389003A9359 /* MarbleTabBarController.m in Sources */,
				7AF4127F19DB62C600A470E1 /* Utility.m in Sources */,
				50B568EF19E490590050C8EC /* NotifViewController.m in Sources */,
				7A48344019EC9B940029D092 /* PostsTableViewSuperCell.m in Sources */,
				7AF4126E19DA672500A470E1 /* SelectPeopleViewController.m in Sources */,
				516937A819ECD38300EE0C0D /* StatusUpdate+MBStatusUpdate.m in Sources */,
				7A0E976F19DCBCBF003A9359 /* QuizTableViewCell.m in Sources */,
				519CB25C19F59688001E1C1A /* NSMutableArray+Shuffling.m in Sources */,
				7AF4127519DB392200A470E1 /* LoginViewController.m in Sources */,
				7AF4125819D9FFB800A470E1 /* HomeViewController.m in Sources */,
				7A10A56D19EF241C006A2CED /* CommentsTableViewCell.m in Sources */,
				7A0E977219DCD8BB003A9359 /* ProfileNavigationController.m in Sources */,
				7AF4126119DA035400A470E1 /* CreateQuizViewController.m in Sources */,
				517C894A19DB706C005A8407 /* ClientManager.m in Sources */,
				7AB925B319E374E500F8229F /* ExploreViewController.m in Sources */,
			);
			runOnlyForDeploymentPostprocessing = 0;
		};
		7AF4124219D9FB6C00A470E1 /* Sources */ = {
			isa = PBXSourcesBuildPhase;
			buildActionMask = 2147483647;
			files = (
				7AF4124D19D9FB6C00A470E1 /* MarbleTests.m in Sources */,
			);
			runOnlyForDeploymentPostprocessing = 0;
		};
/* End PBXSourcesBuildPhase section */

/* Begin PBXTargetDependency section */
		7AF4124819D9FB6C00A470E1 /* PBXTargetDependency */ = {
			isa = PBXTargetDependency;
			target = 7AF4122C19D9FB6C00A470E1 /* Marble */;
			targetProxy = 7AF4124719D9FB6C00A470E1 /* PBXContainerItemProxy */;
		};
/* End PBXTargetDependency section */

/* Begin PBXVariantGroup section */
		7AF4123A19D9FB6C00A470E1 /* Main.storyboard */ = {
			isa = PBXVariantGroup;
			children = (
				7AF4123B19D9FB6C00A470E1 /* Base */,
			);
			name = Main.storyboard;
			sourceTree = "<group>";
		};
		7AF4123F19D9FB6C00A470E1 /* LaunchScreen.xib */ = {
			isa = PBXVariantGroup;
			children = (
				7AF4124019D9FB6C00A470E1 /* Base */,
			);
			name = LaunchScreen.xib;
			sourceTree = "<group>";
		};
/* End PBXVariantGroup section */

/* Begin XCBuildConfiguration section */
		7AF4124E19D9FB6C00A470E1 /* Debug */ = {
			isa = XCBuildConfiguration;
			buildSettings = {
				ALWAYS_SEARCH_USER_PATHS = NO;
				CLANG_CXX_LANGUAGE_STANDARD = "gnu++0x";
				CLANG_CXX_LIBRARY = "libc++";
				CLANG_ENABLE_MODULES = YES;
				CLANG_ENABLE_OBJC_ARC = YES;
				CLANG_WARN_BOOL_CONVERSION = YES;
				CLANG_WARN_CONSTANT_CONVERSION = YES;
				CLANG_WARN_DIRECT_OBJC_ISA_USAGE = YES_ERROR;
				CLANG_WARN_EMPTY_BODY = YES;
				CLANG_WARN_ENUM_CONVERSION = YES;
				CLANG_WARN_INT_CONVERSION = YES;
				CLANG_WARN_OBJC_ROOT_CLASS = YES_ERROR;
				CLANG_WARN_UNREACHABLE_CODE = YES;
				CLANG_WARN__DUPLICATE_METHOD_MATCH = YES;
				"CODE_SIGN_IDENTITY[sdk=iphoneos*]" = "iPhone Developer";
				COPY_PHASE_STRIP = NO;
				ENABLE_STRICT_OBJC_MSGSEND = YES;
				GCC_C_LANGUAGE_STANDARD = gnu99;
				GCC_DYNAMIC_NO_PIC = NO;
				GCC_OPTIMIZATION_LEVEL = 0;
				GCC_PREPROCESSOR_DEFINITIONS = (
					"DEBUG=1",
					"$(inherited)",
				);
				GCC_SYMBOLS_PRIVATE_EXTERN = NO;
				GCC_WARN_64_TO_32_BIT_CONVERSION = YES;
				GCC_WARN_ABOUT_RETURN_TYPE = YES_ERROR;
				GCC_WARN_UNDECLARED_SELECTOR = YES;
				GCC_WARN_UNINITIALIZED_AUTOS = YES_AGGRESSIVE;
				GCC_WARN_UNUSED_FUNCTION = YES;
				GCC_WARN_UNUSED_VARIABLE = YES;
				IPHONEOS_DEPLOYMENT_TARGET = 8.0;
				MTL_ENABLE_DEBUG_INFO = YES;
				ONLY_ACTIVE_ARCH = YES;
				PRODUCT_NAME = Marbles;
				SDKROOT = iphoneos;
				TARGETED_DEVICE_FAMILY = "1,2";
			};
			name = Debug;
		};
		7AF4124F19D9FB6C00A470E1 /* Release */ = {
			isa = XCBuildConfiguration;
			buildSettings = {
				ALWAYS_SEARCH_USER_PATHS = NO;
				CLANG_CXX_LANGUAGE_STANDARD = "gnu++0x";
				CLANG_CXX_LIBRARY = "libc++";
				CLANG_ENABLE_MODULES = YES;
				CLANG_ENABLE_OBJC_ARC = YES;
				CLANG_WARN_BOOL_CONVERSION = YES;
				CLANG_WARN_CONSTANT_CONVERSION = YES;
				CLANG_WARN_DIRECT_OBJC_ISA_USAGE = YES_ERROR;
				CLANG_WARN_EMPTY_BODY = YES;
				CLANG_WARN_ENUM_CONVERSION = YES;
				CLANG_WARN_INT_CONVERSION = YES;
				CLANG_WARN_OBJC_ROOT_CLASS = YES_ERROR;
				CLANG_WARN_UNREACHABLE_CODE = YES;
				CLANG_WARN__DUPLICATE_METHOD_MATCH = YES;
				"CODE_SIGN_IDENTITY[sdk=iphoneos*]" = "iPhone Developer";
				COPY_PHASE_STRIP = YES;
				ENABLE_NS_ASSERTIONS = NO;
				ENABLE_STRICT_OBJC_MSGSEND = YES;
				GCC_C_LANGUAGE_STANDARD = gnu99;
				GCC_WARN_64_TO_32_BIT_CONVERSION = YES;
				GCC_WARN_ABOUT_RETURN_TYPE = YES_ERROR;
				GCC_WARN_UNDECLARED_SELECTOR = YES;
				GCC_WARN_UNINITIALIZED_AUTOS = YES_AGGRESSIVE;
				GCC_WARN_UNUSED_FUNCTION = YES;
				GCC_WARN_UNUSED_VARIABLE = YES;
				IPHONEOS_DEPLOYMENT_TARGET = 8.0;
				MTL_ENABLE_DEBUG_INFO = NO;
				PRODUCT_NAME = Marbles;
				SDKROOT = iphoneos;
				TARGETED_DEVICE_FAMILY = "1,2";
				VALIDATE_PRODUCT = YES;
			};
			name = Release;
		};
		7AF4125119D9FB6C00A470E1 /* Debug */ = {
			isa = XCBuildConfiguration;
			baseConfigurationReference = D619E12F33A6253011BD463F /* Pods.debug.xcconfig */;
			buildSettings = {
				ASSETCATALOG_COMPILER_APPICON_NAME = AppIcon;
				ASSETCATALOG_COMPILER_LAUNCHIMAGE_NAME = LaunchImage;
				CODE_SIGN_IDENTITY = "iPhone Developer";
				"CODE_SIGN_IDENTITY[sdk=iphoneos*]" = "iPhone Developer";
				FRAMEWORK_SEARCH_PATHS = (
					"$(inherited)",
					"$(PROJECT_DIR)/Libraries/FacebookSDK",
				);
				GCC_PREFIX_HEADER = "Marble/Marble-Prefix.pch";
				INFOPLIST_FILE = Marble/Info.plist;
				IPHONEOS_DEPLOYMENT_TARGET = 7.0;
				LD_RUNPATH_SEARCH_PATHS = "$(inherited) @executable_path/Frameworks";
				PRODUCT_NAME = Marbles;
				PROVISIONING_PROFILE = "";
			};
			name = Debug;
		};
		7AF4125219D9FB6C00A470E1 /* Release */ = {
			isa = XCBuildConfiguration;
			baseConfigurationReference = B4D021A1ADB6A726F90326D9 /* Pods.release.xcconfig */;
			buildSettings = {
				ASSETCATALOG_COMPILER_APPICON_NAME = AppIcon;
				ASSETCATALOG_COMPILER_LAUNCHIMAGE_NAME = LaunchImage;
				CODE_SIGN_IDENTITY = "iPhone Developer";
				"CODE_SIGN_IDENTITY[sdk=iphoneos*]" = "iPhone Developer";
				FRAMEWORK_SEARCH_PATHS = (
					"$(inherited)",
					"$(PROJECT_DIR)/Libraries/FacebookSDK",
				);
				GCC_PREFIX_HEADER = "Marble/Marble-Prefix.pch";
				INFOPLIST_FILE = Marble/Info.plist;
				IPHONEOS_DEPLOYMENT_TARGET = 7.0;
				LD_RUNPATH_SEARCH_PATHS = "$(inherited) @executable_path/Frameworks";
				PRODUCT_NAME = Marbles;
				PROVISIONING_PROFILE = "";
			};
			name = Release;
		};
		7AF4125419D9FB6C00A470E1 /* Debug */ = {
			isa = XCBuildConfiguration;
			buildSettings = {
				BUNDLE_LOADER = "$(TEST_HOST)";
				FRAMEWORK_SEARCH_PATHS = (
					"$(SDKROOT)/Developer/Library/Frameworks",
					"$(inherited)",
				);
				GCC_PREPROCESSOR_DEFINITIONS = (
					"DEBUG=1",
					"$(inherited)",
				);
				INFOPLIST_FILE = MarbleTests/Info.plist;
				LD_RUNPATH_SEARCH_PATHS = "$(inherited) @executable_path/Frameworks @loader_path/Frameworks";
				PRODUCT_NAME = "$(TARGET_NAME)";
				TEST_HOST = "$(BUILT_PRODUCTS_DIR)/Marble.app/Marble";
			};
			name = Debug;
		};
		7AF4125519D9FB6C00A470E1 /* Release */ = {
			isa = XCBuildConfiguration;
			buildSettings = {
				BUNDLE_LOADER = "$(TEST_HOST)";
				FRAMEWORK_SEARCH_PATHS = (
					"$(SDKROOT)/Developer/Library/Frameworks",
					"$(inherited)",
				);
				INFOPLIST_FILE = MarbleTests/Info.plist;
				LD_RUNPATH_SEARCH_PATHS = "$(inherited) @executable_path/Frameworks @loader_path/Frameworks";
				PRODUCT_NAME = "$(TARGET_NAME)";
				TEST_HOST = "$(BUILT_PRODUCTS_DIR)/Marble.app/Marble";
			};
			name = Release;
		};
/* End XCBuildConfiguration section */

/* Begin XCConfigurationList section */
		7AF4122819D9FB6C00A470E1 /* Build configuration list for PBXProject "Marble" */ = {
			isa = XCConfigurationList;
			buildConfigurations = (
				7AF4124E19D9FB6C00A470E1 /* Debug */,
				7AF4124F19D9FB6C00A470E1 /* Release */,
			);
			defaultConfigurationIsVisible = 0;
			defaultConfigurationName = Release;
		};
		7AF4125019D9FB6C00A470E1 /* Build configuration list for PBXNativeTarget "Marble" */ = {
			isa = XCConfigurationList;
			buildConfigurations = (
				7AF4125119D9FB6C00A470E1 /* Debug */,
				7AF4125219D9FB6C00A470E1 /* Release */,
			);
			defaultConfigurationIsVisible = 0;
			defaultConfigurationName = Release;
		};
		7AF4125319D9FB6C00A470E1 /* Build configuration list for PBXNativeTarget "MarbleTests" */ = {
			isa = XCConfigurationList;
			buildConfigurations = (
				7AF4125419D9FB6C00A470E1 /* Debug */,
				7AF4125519D9FB6C00A470E1 /* Release */,
			);
			defaultConfigurationIsVisible = 0;
			defaultConfigurationName = Release;
		};
/* End XCConfigurationList section */

/* Begin XCVersionGroup section */
		5152F8DD19DCAD86008E99DB /* Model.xcdatamodeld */ = {
			isa = XCVersionGroup;
			children = (
				511E8C4319EF16260061E780 /* Model 11.xcdatamodel */,
				51036C1219E72E0700335973 /* Model 7.xcdatamodel */,
				51706D1F19E73AC0005010E6 /* Model 8.xcdatamodel */,
				51706D2919E88DBA005010E6 /* Model 9.xcdatamodel */,
				51706D3619E9E478005010E6 /* Model 10.xcdatamodel */,
				51C1F0E119E4B0AB00B56DD9 /* Model 5.xcdatamodel */,
				51F5A74519E60520006097EF /* Model 6.xcdatamodel */,
				51DF106F19E4615F0021C3F9 /* Model 4.xcdatamodel */,
				511D9F1419DCDDC300FCCFB2 /* Model 3.xcdatamodel */,
				5137168D19DCBF7B00571C9A /* Model 2.xcdatamodel */,
				5152F8DE19DCAD86008E99DB /* Model.xcdatamodel */,
			);
			currentVersion = 511E8C4319EF16260061E780 /* Model 11.xcdatamodel */;
			path = Model.xcdatamodeld;
			sourceTree = "<group>";
			versionGroupType = wrapper.xcdatamodel;
		};
/* End XCVersionGroup section */
	};
	rootObject = 7AF4122519D9FB6C00A470E1 /* Project object */;
}